{
  "name": "basemap-scraper",
  "version": "1.0.0",
  "lockfileVersion": 2,
  "requires": true,
  "packages": {
    "": {
      "name": "basemap-scraper",
      "version": "1.0.0",
      "license": "MIT",
      "dependencies": {
        "big-data-tools": "^1.4.0"
      }
    },
    "node_modules/big-data-tools": {
      "version": "1.4.0",
      "resolved": "https://registry.npmjs.org/big-data-tools/-/big-data-tools-1.4.0.tgz",
      "integrity": "sha512-ddG/9OEwz5mNDbXaMOwnytpWkB4YizeQXXzOakgyxfsCOdA5v4XjxcXjbRg/bE5cM91BWfWBZign4OHABKZ2ug=="
    }
  },
  "dependencies": {
    "big-data-tools": {
      "version": "1.4.0",
      "resolved": "https://registry.npmjs.org/big-data-tools/-/big-data-tools-1.4.0.tgz",
      "integrity": "sha512-ddG/9OEwz5mNDbXaMOwnytpWkB4YizeQXXzOakgyxfsCOdA5v4XjxcXjbRg/bE5cM91BWfWBZign4OHABKZ2ug=="
    }
  }
}
